
Microsoft Visual Studio Solution File, Format Version 12.00
# Visual Studio Version 16
VisualStudioVersion = 16.0.31911.196
MinimumVisualStudioVersion = 10.0.40219.1
Project("{FAE04EC0-301F-11D3-BF4B-00C04F79EFBC}") = "UIL", "EMS_App\UIL.csproj", "{C6BD5237-8C2C-4768-BECA-8E9DF67BF76E}"
EndProject
Project("{FAE04EC0-301F-11D3-BF4B-00C04F79EFBC}") = "BLL", "BLL\BLL.csproj", "{4AD8D13A-F60A-4A33-AB59-7BC0970A374E}"
EndProject
Project("{FAE04EC0-301F-11D3-BF4B-00C04F79EFBC}") = "DAL", "DAL\DAL.csproj", "{AE5BEE46-98B0-45B1-B7E5-6E243B06293A}"
EndProject
Global
	GlobalSection(SolutionConfigurationPlatforms) = preSolution
		Debug|Any CPU = Debug|Any CPU
		Release|Any CPU = Release|Any CPU
	EndGlobalSection
	GlobalSection(ProjectConfigurationPlatforms) = postSolution
		{C6BD5237-8C2C-4768-BECA-8E9DF67BF76E}.Debug|Any CPU.ActiveCfg = Debug|Any CPU
		{C6BD5237-8C2C-4768-BECA-8E9DF67BF76E}.Debug|Any CPU.Build.0 = Debug|Any CPU
		{C6BD5237-8C2C-4768-BECA-8E9DF67BF76E}.Release|Any CPU.ActiveCfg = Release|Any CPU
		{C6BD5237-8C2C-4768-BECA-8E9DF67BF76E}.Release|Any CPU.Build.0 = Release|Any CPU
		{4AD8D13A-F60A-4A33-AB59-7BC0970A374E}.Debug|Any CPU.ActiveCfg = Debug|Any CPU
		{4AD8D13A-F60A-4A33-AB59-7BC0970A374E}.Debug|Any CPU.Build.0 = Debug|Any CPU
		{4AD8D13A-F60A-4A33-AB59-7BC0970A374E}.Release|Any CPU.ActiveCfg = Release|Any CPU
		{4AD8D13A-F60A-4A33-AB59-7BC0970A374E}.Release|Any CPU.Build.0 = Release|Any CPU
		{AE5BEE46-98B0-45B1-B7E5-6E243B06293A}.Debug|Any CPU.ActiveCfg = Debug|Any CPU
		{AE5BEE46-98B0-45B1-B7E5-6E243B06293A}.Debug|Any CPU.Build.0 = Debug|Any CPU
		{AE5BEE46-98B0-45B1-B7E5-6E243B06293A}.Release|Any CPU.ActiveCfg = Release|Any CPU
		{AE5BEE46-98B0-45B1-B7E5-6E243B06293A}.Release|Any CPU.Build.0 = Release|Any CPU
	EndGlobalSection
	GlobalSection(SolutionProperties) = preSolution
		HideSolutionNode = FALSE
	EndGlobalSection
	GlobalSection(ExtensibilityGlobals) = postSolution
		SolutionGuid = {A7B7B82C-D851-4BE3-BBF4-6582792C8E6C}
	EndGlobalSection
EndGlobal
